
Microsoft Visual Studio Solution File, Format Version 12.00
# Visual Studio Version 17
VisualStudioVersion = 17.6.33717.318
MinimumVisualStudioVersion = 10.0.40219.1
Project("{FAE04EC0-301F-11D3-BF4B-00C04F79EFBC}") = "Day3", "Day3\Day3.csproj", "{F26A7CB7-1B15-4BA1-ABB1-9B1EBF60C047}"
EndProject
Global
	GlobalSection(SolutionConfigurationPlatforms) = preSolution
		Debug|Any CPU = Debug|Any CPU
		Release|Any CPU = Release|Any CPU
	EndGlobalSection
	GlobalSection(ProjectConfigurationPlatforms) = postSolution
		{F26A7CB7-1B15-4BA1-ABB1-9B1EBF60C047}.Debug|Any CPU.ActiveCfg = Debug|Any CPU
		{F26A7CB7-1B15-4BA1-ABB1-9B1EBF60C047}.Debug|Any CPU.Build.0 = Debug|Any CPU
		{F26A7CB7-1B15-4BA1-ABB1-9B1EBF60C047}.Release|Any CPU.ActiveCfg = Release|Any CPU
		{F26A7CB7-1B15-4BA1-ABB1-9B1EBF60C047}.Release|Any CPU.Build.0 = Release|Any CPU
	EndGlobalSection
	GlobalSection(SolutionProperties) = preSolution
		HideSolutionNode = FALSE
	EndGlobalSection
	GlobalSection(ExtensibilityGlobals) = postSolution
		SolutionGuid = {4CDF53C2-FA5E-4108-8837-6E4981AB85A1}
	EndGlobalSection
EndGlobal
